
Microsoft Visual Studio Solution File, Format Version 12.00
# Visual Studio Version 17
VisualStudioVersion = 17.7.34024.191
MinimumVisualStudioVersion = 10.0.40219.1
Project("{FAE04EC0-301F-11D3-BF4B-00C04F79EFBC}") = "BancoSqlServer", "BancoSqlServer.csproj", "{6075DDFF-81FC-4320-95D8-98605C397856}"
EndProject
Global
	GlobalSection(SolutionConfigurationPlatforms) = preSolution
		Debug|Any CPU = Debug|Any CPU
		Release|Any CPU = Release|Any CPU
	EndGlobalSection
	GlobalSection(ProjectConfigurationPlatforms) = postSolution
		{6075DDFF-81FC-4320-95D8-98605C397856}.Debug|Any CPU.ActiveCfg = Debug|Any CPU
		{6075DDFF-81FC-4320-95D8-98605C397856}.Debug|Any CPU.Build.0 = Debug|Any CPU
		{6075DDFF-81FC-4320-95D8-98605C397856}.Release|Any CPU.ActiveCfg = Release|Any CPU
		{6075DDFF-81FC-4320-95D8-98605C397856}.Release|Any CPU.Build.0 = Release|Any CPU
	EndGlobalSection
	GlobalSection(SolutionProperties) = preSolution
		HideSolutionNode = FALSE
	EndGlobalSection
	GlobalSection(ExtensibilityGlobals) = postSolution
		SolutionGuid = {FCA4E95C-677F-4125-8E69-04376FA8E345}
	EndGlobalSection
EndGlobal
