
Microsoft Visual Studio Solution File, Format Version 12.00
# Visual Studio Version 17
VisualStudioVersion = 17.7.34024.191
MinimumVisualStudioVersion = 10.0.40219.1
Project("{FAE04EC0-301F-11D3-BF4B-00C04F79EFBC}") = "ConsumoSQL", "ConsumoSQL.csproj", "{A84CFB76-9790-4D64-87E6-F650AB195EE9}"
EndProject
Global
	GlobalSection(SolutionConfigurationPlatforms) = preSolution
		Debug|Any CPU = Debug|Any CPU
		Release|Any CPU = Release|Any CPU
	EndGlobalSection
	GlobalSection(ProjectConfigurationPlatforms) = postSolution
		{A84CFB76-9790-4D64-87E6-F650AB195EE9}.Debug|Any CPU.ActiveCfg = Debug|Any CPU
		{A84CFB76-9790-4D64-87E6-F650AB195EE9}.Debug|Any CPU.Build.0 = Debug|Any CPU
		{A84CFB76-9790-4D64-87E6-F650AB195EE9}.Release|Any CPU.ActiveCfg = Release|Any CPU
		{A84CFB76-9790-4D64-87E6-F650AB195EE9}.Release|Any CPU.Build.0 = Release|Any CPU
	EndGlobalSection
	GlobalSection(SolutionProperties) = preSolution
		HideSolutionNode = FALSE
	EndGlobalSection
	GlobalSection(ExtensibilityGlobals) = postSolution
		SolutionGuid = {C02F5340-8270-445F-995C-AE2C4E7337AE}
	EndGlobalSection
EndGlobal
